{
  "sources": {
    "ssh": {
      "path": "."
    },
    "minitest-handler": {
      "locked_version": "0.2.1"
    },
    "ssh_test": {
      "path": "./test/cookbooks/ssh_test"
    },
    "chef_handler": {
      "locked_version": "1.1.4"
    },
    "ohai": {
      "locked_version": "1.0.2"
    }
  }
}
